
Microsoft Visual Studio Solution File, Format Version 12.00
Project("{FAE04EC0-301F-11D3-BF4B-00C04F79EFBC}") = "RacingCard", "RacingCard\RacingCard.csproj", "{A8D1F227-632E-45DE-8248-DF3C0E8008A2}"
EndProject
Global
	GlobalSection(SolutionConfigurationPlatforms) = preSolution
		Debug|Any CPU = Debug|Any CPU
		Release|Any CPU = Release|Any CPU
	EndGlobalSection
	GlobalSection(ProjectConfigurationPlatforms) = postSolution
		{A8D1F227-632E-45DE-8248-DF3C0E8008A2}.Debug|Any CPU.ActiveCfg = Debug|Any CPU
		{A8D1F227-632E-45DE-8248-DF3C0E8008A2}.Debug|Any CPU.Build.0 = Debug|Any CPU
		{A8D1F227-632E-45DE-8248-DF3C0E8008A2}.Release|Any CPU.ActiveCfg = Release|Any CPU
		{A8D1F227-632E-45DE-8248-DF3C0E8008A2}.Release|Any CPU.Build.0 = Release|Any CPU
	EndGlobalSection
EndGlobal
